
Microsoft Visual Studio Solution File, Format Version 12.00
# Visual Studio Version 17
VisualStudioVersion = 17.3.32929.385
MinimumVisualStudioVersion = 10.0.40219.1
Project("{FAE04EC0-301F-11D3-BF4B-00C04F79EFBC}") = "Boreal", "Boreal\Boreal.csproj", "{A7734254-B583-42D3-A7AE-FB809B30A306}"
EndProject
Global
	GlobalSection(SolutionConfigurationPlatforms) = preSolution
		Debug|Any CPU = Debug|Any CPU
		Release|Any CPU = Release|Any CPU
	EndGlobalSection
	GlobalSection(ProjectConfigurationPlatforms) = postSolution
		{A7734254-B583-42D3-A7AE-FB809B30A306}.Debug|Any CPU.ActiveCfg = Debug|Any CPU
		{A7734254-B583-42D3-A7AE-FB809B30A306}.Debug|Any CPU.Build.0 = Debug|Any CPU
		{A7734254-B583-42D3-A7AE-FB809B30A306}.Release|Any CPU.ActiveCfg = Release|Any CPU
		{A7734254-B583-42D3-A7AE-FB809B30A306}.Release|Any CPU.Build.0 = Release|Any CPU
	EndGlobalSection
	GlobalSection(SolutionProperties) = preSolution
		HideSolutionNode = FALSE
	EndGlobalSection
	GlobalSection(ExtensibilityGlobals) = postSolution
		SolutionGuid = {57EB6B1E-A9F5-4654-985A-7B8E659691FB}
	EndGlobalSection
EndGlobal
